{
  "name": "expense",
  "version": "1.0.0",
  "lockfileVersion": 2,
  "requires": true,
  "packages": {
    "": {
      "name": "expense",
      "version": "1.0.0",
      "dependencies": {
        "bcryptjs": "^2.4.3",
        "cookie-parser": "^1.4.7",
        "cors": "^2.8.5",
        "dotenv": "^16.4.7",
        "express": "^4.21.2",
        "jsonwebtoken": "^9.0.2",
        "mongoose": "^8.9.2",
        "nodemon": "^3.1.9",
        "mongodb": "^4.4.0"
      }
    },
    "node_modules/bcryptjs": {
      "version": "2.4.3",
      "resolved": "https://registry.npmjs.org/bcryptjs/-/bcryptjs-2.4.3.tgz",
      "integrity": "sha512-5jD1bA8rQKvFc5W9OObmwgD5t4N2QmrLtS5Skg2fMZZ9N6fvwOel3tUuUBeAF5mDybETzoFl0FuW62dwsq++XA=="
    },
    "node_modules/cookie-parser": {
      "version": "1.4.7",
      "resolved": "https://registry.npmjs.org/cookie-parser/-/cookie-parser-1.4.7.tgz",
      "integrity": "sha512-kLw3Wy0k9OjH+xu7uNNz0I1sA9hFFdzWGoI+R7v+JrcfcjmgV7kPnbNRSBeSbbOh0mYQ2l4n5dRmEIApBo3TkA=="
    },
    "node_modules/cors": {
      "version": "2.8.5",
      "resolved": "https://registry.npmjs.org/cors/-/cors-2.8.5.tgz",
      "integrity": "sha512-RcDDMGhN8Un2WsdlUdbd7WxfnlM+m2oMjmzOtH0s7BEB6R7CgTkyhExqz3hvC1Wz8jJkC9ijD5ZXJAF2QkDaFg=="
    },
    "node_modules/dotenv": {
      "version": "16.4.7",
      "resolved": "https://registry.npmjs.org/dotenv/-/dotenv-16.4.7.tgz",
      "integrity": "sha512-d7H3rwGM3mf5N+f3zOYo4we5yZhX80vONiBR00lgTjl9BxIhgf72Azr+Bc3Xa4U5ORpwxzkNgtwOZT0BDoXG5w=="
    },
    "node_modules/express": {
      "version": "4.21.2",
      "resolved": "https://registry.npmjs.org/express/-/express-4.21.2.tgz",
      "integrity": "sha512-Qrh7sBqsnZLObpmti7vkhzFvIuOHLkhDhhF83zzjhgZCVFzo8cHOZ4kmZSc2S3d1TP6EzSz12weQjjeb8mse7Q=="
    },
    "node_modules/jsonwebtoken": {
      "version": "9.0.2",
      "resolved": "https://registry.npmjs.org/jsonwebtoken/-/jsonwebtoken-9.0.2.tgz",
      "integrity": "sha512-Oh7CjPyGe8V9YcLKd2djfWGbRdG91TYD/J1WQ9zR8jlQU8zjsw0F9xKzQk4+1WkH6Af0dbY7Asy7E4nsNe4t0w=="
    },
    "node_modules/mongoose": {
      "version": "8.9.2",
      "resolved": "https://registry.npmjs.org/mongoose/-/mongoose-8.9.2.tgz",
      "integrity": "sha512-KZRx69bm3XKQJVeS6J9v9ghwftudZnRtLQ5JhJkgrgOpIQmZ7bxlJeRHtBqDZQSCOyYVhKZ9IT0TAp+f/rGS5g=="
    },
    "node_modules/nodemon": {
      "version": "3.1.9",
      "resolved": "https://registry.npmjs.org/nodemon/-/nodemon-3.1.9.tgz",
      "integrity": "sha512-DwOXY1zAxr4kOZYuQy9g9GZZkwgOCEjHjaYXQKrz9W0Mkr0uS8yXT+aY+RurYhx4wV41mfXYE1JZPwnZnJha1g=="
    },
    "node_modules/mongodb": {
      "version": "4.4.0",
      "resolved": "https://registry.npmjs.org/mongodb/-/mongodb-4.4.0.tgz",
      "integrity": "sha512-d1+MJ0r8Gdy8fzHb9tmcBDMZ6g7F+ZbG8NYBppZHFbMj5EJhYPgUm2BHv2Lus2Xjx+RYnQScEIMqTwWksDwa9Q=="
    }
  }
}
